
Microsoft Visual Studio Solution File, Format Version 12.00
# Visual Studio Version 16
VisualStudioVersion = 16.0.31729.503
MinimumVisualStudioVersion = 10.0.40219.1
Project("{FAE04EC0-301F-11D3-BF4B-00C04F79EFBC}") = "eTickets", "eTickets\eTickets.csproj", "{93DFF363-22D9-49B3-A6C8-3992CC08F07F}"
EndProject
Global
	GlobalSection(SolutionConfigurationPlatforms) = preSolution
		Debug|Any CPU = Debug|Any CPU
		Release|Any CPU = Release|Any CPU
	EndGlobalSection
	GlobalSection(ProjectConfigurationPlatforms) = postSolution
		{93DFF363-22D9-49B3-A6C8-3992CC08F07F}.Debug|Any CPU.ActiveCfg = Debug|Any CPU
		{93DFF363-22D9-49B3-A6C8-3992CC08F07F}.Debug|Any CPU.Build.0 = Debug|Any CPU
		{93DFF363-22D9-49B3-A6C8-3992CC08F07F}.Release|Any CPU.ActiveCfg = Release|Any CPU
		{93DFF363-22D9-49B3-A6C8-3992CC08F07F}.Release|Any CPU.Build.0 = Release|Any CPU
	EndGlobalSection
	GlobalSection(SolutionProperties) = preSolution
		HideSolutionNode = FALSE
	EndGlobalSection
	GlobalSection(ExtensibilityGlobals) = postSolution
		SolutionGuid = {932E0C47-7711-4315-BE3F-CCE9785B4720}
	EndGlobalSection
EndGlobal
